
Microsoft Visual Studio Solution File, Format Version 12.00
# Visual Studio Version 16
VisualStudioVersion = 16.0.32510.428
MinimumVisualStudioVersion = 10.0.40219.1
Project("{FAE04EC0-301F-11D3-BF4B-00C04F79EFBC}") = "WebApplicationCore2", "WebApplicationCore2\WebApplicationCore2.csproj", "{608FA616-8609-4ECE-ADB3-868D614862DD}"
EndProject
Global
	GlobalSection(SolutionConfigurationPlatforms) = preSolution
		Debug|Any CPU = Debug|Any CPU
		Release|Any CPU = Release|Any CPU
	EndGlobalSection
	GlobalSection(ProjectConfigurationPlatforms) = postSolution
		{608FA616-8609-4ECE-ADB3-868D614862DD}.Debug|Any CPU.ActiveCfg = Debug|Any CPU
		{608FA616-8609-4ECE-ADB3-868D614862DD}.Debug|Any CPU.Build.0 = Debug|Any CPU
		{608FA616-8609-4ECE-ADB3-868D614862DD}.Release|Any CPU.ActiveCfg = Release|Any CPU
		{608FA616-8609-4ECE-ADB3-868D614862DD}.Release|Any CPU.Build.0 = Release|Any CPU
	EndGlobalSection
	GlobalSection(SolutionProperties) = preSolution
		HideSolutionNode = FALSE
	EndGlobalSection
	GlobalSection(ExtensibilityGlobals) = postSolution
		SolutionGuid = {AD8C21A1-00DF-406A-9191-582EC7AC3A8A}
	EndGlobalSection
EndGlobal
